<?xml version="1.0" encoding="utf-8"?>
<Project ToolsVersion="4.0" xmlns="http://schemas.microsoft.com/developer/msbuild/2003">
  <ItemGroup>
    <Filter Include="Source Files">
      <UniqueIdentifier>{4FC737F1-C7A5-4376-A066-2A32D752A2FF}</UniqueIdentifier>
      <Extensions>cpp;c;cc;cxx;def;odl;idl;hpj;bat;asm;asmx</Extensions>
    </Filter>
    <Filter Include="Header Files">
      <UniqueIdentifier>{93995380-89BD-4b04-88EB-625FBE52EBFB}</UniqueIdentifier>
      <Extensions>h;hh;hpp;hxx;hm;inl;inc;xsd</Extensions>
    </Filter>
    <Filter Include="Resource Files">
      <UniqueIdentifier>{67DA6AB6-F800-4c08-8B7A-83BB121AAD01}</UniqueIdentifier>
      <Extensions>rc;ico;cur;bmp;dlg;rc2;rct;bin;rgs;gif;jpg;jpeg;jpe;resx;tiff;tif;png;wav</Extensions>
    </Filter>
    <Filter Include="libtga">
      <UniqueIdentifier>{6de013c3-0352-4df5-bca8-f159befbc6a0}</UniqueIdentifier>
    </Filter>
  </ItemGroup>
  <ItemGroup>
    <ClCompile Include="randomvic2\main.cpp">
      <Filter>Source Files</Filter>
    </ClCompile>
    <ClCompile Include="randomvic2\entities\Continent.cpp">
      <Filter>Source Files</Filter>
    </ClCompile>
    <ClCompile Include="randomvic2\entities\Prov.cpp">
      <Filter>Source Files</Filter>
    </ClCompile>
    <ClCompile Include="randomvic2\entities\Region.cpp">
      <Filter>Source Files</Filter>
    </ClCompile>
    <ClCompile Include="randomvic2\entities\River.cpp">
      <Filter>Source Files</Filter>
    </ClCompile>
    <ClCompile Include="randomvic2\terrain\Terrain.cpp">
      <Filter>Source Files</Filter>
    </ClCompile>
    <ClCompile Include="randomvic2\terrain\VoronoiDiagramGenerator.cpp">
      <Filter>Source Files</Filter>
    </ClCompile>
    <ClCompile Include="randomvic2\utils\Bitmap.cpp">
      <Filter>Source Files</Filter>
    </ClCompile>
    <ClCompile Include="randomvic2\utils\BMPHandler.cpp">
      <Filter>Source Files</Filter>
    </ClCompile>
    <ClCompile Include="randomvic2\utils\Data.cpp">
      <Filter>Source Files</Filter>
    </ClCompile>
    <ClCompile Include="randomvic2\utils\Parser.cpp">
      <Filter>Source Files</Filter>
    </ClCompile>
    <ClCompile Include="randomvic2\utils\Various1.cpp">
      <Filter>Source Files</Filter>
    </ClCompile>
    <ClCompile Include="RandomVic2\victoria2\VictoriaModule.cpp">
      <Filter>Source Files</Filter>
    </ClCompile>
    <ClCompile Include="RandomVic2\victoria2\CountryCreation.cpp">
      <Filter>Source Files</Filter>
    </ClCompile>
    <ClCompile Include="RandomVic2\FastNoise\FastNoise.cpp">
      <Filter>Source Files</Filter>
    </ClCompile>
    <ClCompile Include="RandomVic2\victoria2\Victoria2Parser.cpp">
      <Filter>Source Files</Filter>
    </ClCompile>
    <ClCompile Include="RandomVic2\utils\Visualizer.cpp">
      <Filter>Source Files</Filter>
    </ClCompile>
    <ClCompile Include="RandomVic2\utils\CountryGenerator.cpp">
      <Filter>Source Files</Filter>
    </ClCompile>
    <ClCompile Include="RandomVic2\entities\Country.cpp">
      <Filter>Source Files</Filter>
    </ClCompile>
    <ClCompile Include="IDistanceable.cpp">
      <Filter>Source Files</Filter>
    </ClCompile>
    <ClCompile Include="RandomVic2\utils\MultiArray.cpp">
      <Filter>Source Files</Filter>
    </ClCompile>
    <ClCompile Include="RandomVic2\utils\MapMerger.cpp">
      <Filter>Source Files</Filter>
    </ClCompile>
    <ClCompile Include="RandomVic2\libtga\tga.c">
      <Filter>libtga</Filter>
    </ClCompile>
    <ClCompile Include="RandomVic2\libtga\tgaread.c">
      <Filter>libtga</Filter>
    </ClCompile>
    <ClCompile Include="RandomVic2\libtga\tgawrite.c">
      <Filter>libtga</Filter>
    </ClCompile>
    <ClCompile Include="RandomVic2\entities\Flag.cpp">
      <Filter>Source Files</Filter>
    </ClCompile>
  </ItemGroup>
  <ItemGroup>
    <ClInclude Include="packages\directxtex_uwp.2018.5.11.1\build\native\include\DirectXTex.h">
      <Filter>Header Files</Filter>
    </ClInclude>
    <ClInclude Include="randomvic2\entities\Continent.h">
      <Filter>Header Files</Filter>
    </ClInclude>
    <ClInclude Include="randomvic2\entities\Prov.h">
      <Filter>Header Files</Filter>
    </ClInclude>
    <ClInclude Include="randomvic2\entities\Region.h">
      <Filter>Header Files</Filter>
    </ClInclude>
    <ClInclude Include="randomvic2\entities\River.h">
      <Filter>Header Files</Filter>
    </ClInclude>
    <ClInclude Include="randomvic2\terrain\Terrain.h">
      <Filter>Header Files</Filter>
    </ClInclude>
    <ClInclude Include="randomvic2\terrain\VoronoiDiagramGenerator.h">
      <Filter>Header Files</Filter>
    </ClInclude>
    <ClInclude Include="randomvic2\utils\Bitmap.h">
      <Filter>Header Files</Filter>
    </ClInclude>
    <ClInclude Include="randomvic2\utils\BMPHandler.h">
      <Filter>Header Files</Filter>
    </ClInclude>
    <ClInclude Include="randomvic2\utils\Data.h">
      <Filter>Header Files</Filter>
    </ClInclude>
    <ClInclude Include="randomvic2\utils\Parser.h">
      <Filter>Header Files</Filter>
    </ClInclude>
    <ClInclude Include="randomvic2\utils\Various1.h">
      <Filter>Header Files</Filter>
    </ClInclude>
    <ClInclude Include="RandomVic2\FastNoise\FastNoise.h">
      <Filter>Header Files</Filter>
    </ClInclude>
    <ClInclude Include="RandomVic2\victoria2\CountryCreation.h">
      <Filter>Header Files</Filter>
    </ClInclude>
    <ClInclude Include="RandomVic2\victoria2\Victoria2Parser.h">
      <Filter>Header Files</Filter>
    </ClInclude>
    <ClInclude Include="RandomVic2\victoria2\VictoriaModule.h">
      <Filter>Header Files</Filter>
    </ClInclude>
    <ClInclude Include="RandomVic2\utils\Visualizer.h">
      <Filter>Header Files</Filter>
    </ClInclude>
    <ClInclude Include="RandomVic2\utils\CountryGenerator.h">
      <Filter>Header Files</Filter>
    </ClInclude>
    <ClInclude Include="RandomVic2\entities\Country.h">
      <Filter>Header Files</Filter>
    </ClInclude>
    <ClInclude Include="IDistanceable.h">
      <Filter>Header Files</Filter>
    </ClInclude>
    <ClInclude Include="RandomVic2\utils\MultiArray.h">
      <Filter>Header Files</Filter>
    </ClInclude>
    <ClInclude Include="RandomVic2\utils\MapMerger.h">
      <Filter>Header Files</Filter>
    </ClInclude>
    <ClInclude Include="RandomVic2\libtga\tga.h">
      <Filter>libtga</Filter>
    </ClInclude>
    <ClInclude Include="RandomVic2\libtga\tgaconfig.h">
      <Filter>libtga</Filter>
    </ClInclude>
    <ClInclude Include="RandomVic2\entities\Flag.h">
      <Filter>Header Files</Filter>
    </ClInclude>
  </ItemGroup>
</Project>